
Microsoft Visual Studio Solution File, Format Version 12.00
# Visual Studio Version 17
VisualStudioVersion = 17.7.34024.191
MinimumVisualStudioVersion = 10.0.40219.1
Project("{9A19103F-16F7-4668-BE54-9A1E7A4F7556}") = "AstroOffice", "AstroOffice\AstroOffice.csproj", "{71A9046D-364A-4A03-9BB1-1D6265D367A5}"
EndProject
Project("{9A19103F-16F7-4668-BE54-9A1E7A4F7556}") = "ENCEK", "ENCEK\ENCEK.csproj", "{2AB5ACE5-1E44-4FFD-96F6-CEF06FAD6E33}"
EndProject
Project("{9A19103F-16F7-4668-BE54-9A1E7A4F7556}") = "Kunda", "Kunda\Kunda.csproj", "{81D88FDF-3D85-4497-9C46-2ECAAD5A3499}"
EndProject
Project("{9A19103F-16F7-4668-BE54-9A1E7A4F7556}") = "ASDLL", "ASDLL\ASDLL.csproj", "{D071D5D7-7C7E-43C3-9FE4-B07F752DB747}"
EndProject
Project("{9A19103F-16F7-4668-BE54-9A1E7A4F7556}") = "ASDAL", "ASDAL\ASDAL.csproj", "{DD343E4E-73DF-433A-B22C-59170638ACF2}"
EndProject
Project("{9A19103F-16F7-4668-BE54-9A1E7A4F7556}") = "ASBAL", "ASBAL\ASBAL.csproj", "{55748F60-EBB0-47B2-A4EE-A7F31571C9B5}"
EndProject
Project("{9A19103F-16F7-4668-BE54-9A1E7A4F7556}") = "ASModels", "ASModels\ASModels.csproj", "{41B9D731-8BE3-484B-8D2E-5D7641E4A828}"
EndProject
Project("{9A19103F-16F7-4668-BE54-9A1E7A4F7556}") = "AstroOfficeWeb.Server", "AstroOfficeWeb\Server\AstroOfficeWeb.Server.csproj", "{DA0EFA81-F5C4-4AB5-84B3-C639084752BC}"
EndProject
Project("{9A19103F-16F7-4668-BE54-9A1E7A4F7556}") = "AstroOfficeWeb.Client", "AstroOfficeWeb\Client\AstroOfficeWeb.Client.csproj", "{D721208D-7CF7-447B-8873-026C5D3A7D7A}"
EndProject
Project("{9A19103F-16F7-4668-BE54-9A1E7A4F7556}") = "AstroOfficeWeb.Shared", "AstroOfficeWeb\Shared\AstroOfficeWeb.Shared.csproj", "{601FDE57-5849-421B-BB1D-ED0EC253C8B7}"
EndProject
Project("{9A19103F-16F7-4668-BE54-9A1E7A4F7556}") = "AstroShared", "AstroShared\AstroShared.csproj", "{AB1087B0-F090-49A0-AF0B-EF697A4ACA23}"
EndProject
Project("{9A19103F-16F7-4668-BE54-9A1E7A4F7556}") = "AstroOfficeMobile", "AstroOfficeMobile\AstroOfficeMobile.csproj", "{13F9B32F-7B4A-4149-96F4-C4733AA38FCB}"
EndProject
Project("{9A19103F-16F7-4668-BE54-9A1E7A4F7556}") = "AstroOfficeMobile8", "AstroOfficeMobile8\AstroOfficeMobile8.csproj", "{FD21D6EC-8A68-4EB1-803B-2DE9C35952BA}"
EndProject
Project("{9A19103F-16F7-4668-BE54-9A1E7A4F7556}") = "AstroOfficeHybrid8", "AstroOfficeHybrid8\AstroOfficeHybrid8.csproj", "{29A7CAD9-3170-4929-BB03-FFD365C7EBC0}"
EndProject
Project("{9A19103F-16F7-4668-BE54-9A1E7A4F7556}") = "AstroOfficeSharedComponents", "AstroOfficeSharedComponents\AstroOfficeSharedComponents.csproj", "{1F4DDA87-959D-4517-82D6-B87612750C4C}"
EndProject
Project("{9A19103F-16F7-4668-BE54-9A1E7A4F7556}") = "AstroOfficeServices", "AstroOfficeServices\AstroOfficeServices.csproj", "{98F0A76C-3571-435C-9CC5-5B9303D47A9D}"
EndProject
Global
	GlobalSection(SolutionConfigurationPlatforms) = preSolution
		Debug|Any CPU = Debug|Any CPU
		Release|Any CPU = Release|Any CPU
	EndGlobalSection
	GlobalSection(ProjectConfigurationPlatforms) = postSolution
		{71A9046D-364A-4A03-9BB1-1D6265D367A5}.Debug|Any CPU.ActiveCfg = Debug|Any CPU
		{71A9046D-364A-4A03-9BB1-1D6265D367A5}.Debug|Any CPU.Build.0 = Debug|Any CPU
		{71A9046D-364A-4A03-9BB1-1D6265D367A5}.Release|Any CPU.ActiveCfg = Release|Any CPU
		{71A9046D-364A-4A03-9BB1-1D6265D367A5}.Release|Any CPU.Build.0 = Release|Any CPU
		{2AB5ACE5-1E44-4FFD-96F6-CEF06FAD6E33}.Debug|Any CPU.ActiveCfg = Debug|Any CPU
		{2AB5ACE5-1E44-4FFD-96F6-CEF06FAD6E33}.Debug|Any CPU.Build.0 = Debug|Any CPU
		{2AB5ACE5-1E44-4FFD-96F6-CEF06FAD6E33}.Release|Any CPU.ActiveCfg = Release|Any CPU
		{2AB5ACE5-1E44-4FFD-96F6-CEF06FAD6E33}.Release|Any CPU.Build.0 = Release|Any CPU
		{81D88FDF-3D85-4497-9C46-2ECAAD5A3499}.Debug|Any CPU.ActiveCfg = Debug|Any CPU
		{81D88FDF-3D85-4497-9C46-2ECAAD5A3499}.Debug|Any CPU.Build.0 = Debug|Any CPU
		{81D88FDF-3D85-4497-9C46-2ECAAD5A3499}.Release|Any CPU.ActiveCfg = Release|Any CPU
		{81D88FDF-3D85-4497-9C46-2ECAAD5A3499}.Release|Any CPU.Build.0 = Release|Any CPU
		{D071D5D7-7C7E-43C3-9FE4-B07F752DB747}.Debug|Any CPU.ActiveCfg = Debug|Any CPU
		{D071D5D7-7C7E-43C3-9FE4-B07F752DB747}.Debug|Any CPU.Build.0 = Debug|Any CPU
		{D071D5D7-7C7E-43C3-9FE4-B07F752DB747}.Release|Any CPU.ActiveCfg = Release|Any CPU
		{D071D5D7-7C7E-43C3-9FE4-B07F752DB747}.Release|Any CPU.Build.0 = Release|Any CPU
		{DD343E4E-73DF-433A-B22C-59170638ACF2}.Debug|Any CPU.ActiveCfg = Debug|Any CPU
		{DD343E4E-73DF-433A-B22C-59170638ACF2}.Debug|Any CPU.Build.0 = Debug|Any CPU
		{DD343E4E-73DF-433A-B22C-59170638ACF2}.Release|Any CPU.ActiveCfg = Release|Any CPU
		{DD343E4E-73DF-433A-B22C-59170638ACF2}.Release|Any CPU.Build.0 = Release|Any CPU
		{55748F60-EBB0-47B2-A4EE-A7F31571C9B5}.Debug|Any CPU.ActiveCfg = Debug|Any CPU
		{55748F60-EBB0-47B2-A4EE-A7F31571C9B5}.Debug|Any CPU.Build.0 = Debug|Any CPU
		{55748F60-EBB0-47B2-A4EE-A7F31571C9B5}.Release|Any CPU.ActiveCfg = Release|Any CPU
		{55748F60-EBB0-47B2-A4EE-A7F31571C9B5}.Release|Any CPU.Build.0 = Release|Any CPU
		{41B9D731-8BE3-484B-8D2E-5D7641E4A828}.Debug|Any CPU.ActiveCfg = Debug|Any CPU
		{41B9D731-8BE3-484B-8D2E-5D7641E4A828}.Debug|Any CPU.Build.0 = Debug|Any CPU
		{41B9D731-8BE3-484B-8D2E-5D7641E4A828}.Release|Any CPU.ActiveCfg = Release|Any CPU
		{41B9D731-8BE3-484B-8D2E-5D7641E4A828}.Release|Any CPU.Build.0 = Release|Any CPU
		{DA0EFA81-F5C4-4AB5-84B3-C639084752BC}.Debug|Any CPU.ActiveCfg = Debug|Any CPU
		{DA0EFA81-F5C4-4AB5-84B3-C639084752BC}.Debug|Any CPU.Build.0 = Debug|Any CPU
		{DA0EFA81-F5C4-4AB5-84B3-C639084752BC}.Release|Any CPU.ActiveCfg = Release|Any CPU
		{DA0EFA81-F5C4-4AB5-84B3-C639084752BC}.Release|Any CPU.Build.0 = Release|Any CPU
		{D721208D-7CF7-447B-8873-026C5D3A7D7A}.Debug|Any CPU.ActiveCfg = Debug|Any CPU
		{D721208D-7CF7-447B-8873-026C5D3A7D7A}.Debug|Any CPU.Build.0 = Debug|Any CPU
		{D721208D-7CF7-447B-8873-026C5D3A7D7A}.Release|Any CPU.ActiveCfg = Release|Any CPU
		{D721208D-7CF7-447B-8873-026C5D3A7D7A}.Release|Any CPU.Build.0 = Release|Any CPU
		{601FDE57-5849-421B-BB1D-ED0EC253C8B7}.Debug|Any CPU.ActiveCfg = Debug|Any CPU
		{601FDE57-5849-421B-BB1D-ED0EC253C8B7}.Debug|Any CPU.Build.0 = Debug|Any CPU
		{601FDE57-5849-421B-BB1D-ED0EC253C8B7}.Release|Any CPU.ActiveCfg = Release|Any CPU
		{601FDE57-5849-421B-BB1D-ED0EC253C8B7}.Release|Any CPU.Build.0 = Release|Any CPU
		{AB1087B0-F090-49A0-AF0B-EF697A4ACA23}.Debug|Any CPU.ActiveCfg = Debug|Any CPU
		{AB1087B0-F090-49A0-AF0B-EF697A4ACA23}.Debug|Any CPU.Build.0 = Debug|Any CPU
		{AB1087B0-F090-49A0-AF0B-EF697A4ACA23}.Release|Any CPU.ActiveCfg = Release|Any CPU
		{AB1087B0-F090-49A0-AF0B-EF697A4ACA23}.Release|Any CPU.Build.0 = Release|Any CPU
		{13F9B32F-7B4A-4149-96F4-C4733AA38FCB}.Debug|Any CPU.ActiveCfg = Debug|Any CPU
		{13F9B32F-7B4A-4149-96F4-C4733AA38FCB}.Debug|Any CPU.Build.0 = Debug|Any CPU
		{13F9B32F-7B4A-4149-96F4-C4733AA38FCB}.Debug|Any CPU.Deploy.0 = Debug|Any CPU
		{13F9B32F-7B4A-4149-96F4-C4733AA38FCB}.Release|Any CPU.ActiveCfg = Release|Any CPU
		{13F9B32F-7B4A-4149-96F4-C4733AA38FCB}.Release|Any CPU.Build.0 = Release|Any CPU
		{13F9B32F-7B4A-4149-96F4-C4733AA38FCB}.Release|Any CPU.Deploy.0 = Release|Any CPU
		{FD21D6EC-8A68-4EB1-803B-2DE9C35952BA}.Debug|Any CPU.ActiveCfg = Debug|Any CPU
		{FD21D6EC-8A68-4EB1-803B-2DE9C35952BA}.Debug|Any CPU.Build.0 = Debug|Any CPU
		{FD21D6EC-8A68-4EB1-803B-2DE9C35952BA}.Debug|Any CPU.Deploy.0 = Debug|Any CPU
		{FD21D6EC-8A68-4EB1-803B-2DE9C35952BA}.Release|Any CPU.ActiveCfg = Release|Any CPU
		{FD21D6EC-8A68-4EB1-803B-2DE9C35952BA}.Release|Any CPU.Build.0 = Release|Any CPU
		{FD21D6EC-8A68-4EB1-803B-2DE9C35952BA}.Release|Any CPU.Deploy.0 = Release|Any CPU
		{29A7CAD9-3170-4929-BB03-FFD365C7EBC0}.Debug|Any CPU.ActiveCfg = Debug|Any CPU
		{29A7CAD9-3170-4929-BB03-FFD365C7EBC0}.Debug|Any CPU.Build.0 = Debug|Any CPU
		{29A7CAD9-3170-4929-BB03-FFD365C7EBC0}.Debug|Any CPU.Deploy.0 = Debug|Any CPU
		{29A7CAD9-3170-4929-BB03-FFD365C7EBC0}.Release|Any CPU.ActiveCfg = Release|Any CPU
		{29A7CAD9-3170-4929-BB03-FFD365C7EBC0}.Release|Any CPU.Build.0 = Release|Any CPU
		{29A7CAD9-3170-4929-BB03-FFD365C7EBC0}.Release|Any CPU.Deploy.0 = Release|Any CPU
		{1F4DDA87-959D-4517-82D6-B87612750C4C}.Debug|Any CPU.ActiveCfg = Debug|Any CPU
		{1F4DDA87-959D-4517-82D6-B87612750C4C}.Debug|Any CPU.Build.0 = Debug|Any CPU
		{1F4DDA87-959D-4517-82D6-B87612750C4C}.Release|Any CPU.ActiveCfg = Release|Any CPU
		{1F4DDA87-959D-4517-82D6-B87612750C4C}.Release|Any CPU.Build.0 = Release|Any CPU
		{98F0A76C-3571-435C-9CC5-5B9303D47A9D}.Debug|Any CPU.ActiveCfg = Debug|Any CPU
		{98F0A76C-3571-435C-9CC5-5B9303D47A9D}.Debug|Any CPU.Build.0 = Debug|Any CPU
		{98F0A76C-3571-435C-9CC5-5B9303D47A9D}.Release|Any CPU.ActiveCfg = Release|Any CPU
		{98F0A76C-3571-435C-9CC5-5B9303D47A9D}.Release|Any CPU.Build.0 = Release|Any CPU
	EndGlobalSection
	GlobalSection(SolutionProperties) = preSolution
		HideSolutionNode = FALSE
	EndGlobalSection
	GlobalSection(ExtensibilityGlobals) = postSolution
		SolutionGuid = {D42FB686-D7D1-4479-AEF6-5BA99EAFF6FD}
	EndGlobalSection
EndGlobal
